
Microsoft Visual Studio Solution File, Format Version 12.00
# Visual Studio 15
Project("{FAE04EC0-301F-11D3-BF4B-00C04F79EFBC}") = "PathCreator", "PathCreator.csproj", "{DEDE6F04-3550-B81E-48B5-DB6FFA1C986A}"
EndProject
Project("{FAE04EC0-301F-11D3-BF4B-00C04F79EFBC}") = "Assembly-CSharp", "Assembly-CSharp.csproj", "{A38DC7FF-7D3D-71D1-FC8A-AC294DB6FE06}"
EndProject
Project("{FAE04EC0-301F-11D3-BF4B-00C04F79EFBC}") = "PathCreatorEditor", "PathCreatorEditor.csproj", "{178D22FD-E3B8-0967-6390-1A7D3D17B204}"
EndProject
Global
	GlobalSection(SolutionConfigurationPlatforms) = preSolution
		Debug|Any CPU = Debug|Any CPU
		Release|Any CPU = Release|Any CPU
	EndGlobalSection
	GlobalSection(ProjectConfigurationPlatforms) = postSolution
		{DEDE6F04-3550-B81E-48B5-DB6FFA1C986A}.Debug|Any CPU.ActiveCfg = Debug|Any CPU
		{DEDE6F04-3550-B81E-48B5-DB6FFA1C986A}.Debug|Any CPU.Build.0 = Debug|Any CPU
		{DEDE6F04-3550-B81E-48B5-DB6FFA1C986A}.Release|Any CPU.ActiveCfg = Release|Any CPU
		{DEDE6F04-3550-B81E-48B5-DB6FFA1C986A}.Release|Any CPU.Build.0 = Release|Any CPU
		{A38DC7FF-7D3D-71D1-FC8A-AC294DB6FE06}.Debug|Any CPU.ActiveCfg = Debug|Any CPU
		{A38DC7FF-7D3D-71D1-FC8A-AC294DB6FE06}.Debug|Any CPU.Build.0 = Debug|Any CPU
		{A38DC7FF-7D3D-71D1-FC8A-AC294DB6FE06}.Release|Any CPU.ActiveCfg = Release|Any CPU
		{A38DC7FF-7D3D-71D1-FC8A-AC294DB6FE06}.Release|Any CPU.Build.0 = Release|Any CPU
		{178D22FD-E3B8-0967-6390-1A7D3D17B204}.Debug|Any CPU.ActiveCfg = Debug|Any CPU
		{178D22FD-E3B8-0967-6390-1A7D3D17B204}.Debug|Any CPU.Build.0 = Debug|Any CPU
		{178D22FD-E3B8-0967-6390-1A7D3D17B204}.Release|Any CPU.ActiveCfg = Release|Any CPU
		{178D22FD-E3B8-0967-6390-1A7D3D17B204}.Release|Any CPU.Build.0 = Release|Any CPU
	EndGlobalSection
	GlobalSection(SolutionProperties) = preSolution
		HideSolutionNode = FALSE
	EndGlobalSection
	GlobalSection(MonoDevelopProperties) = preSolution
		StartupItem = Assembly-CSharp.csproj
	EndGlobalSection
EndGlobal
